
Microsoft Visual Studio Solution File, Format Version 12.00
# Visual Studio Version 17
VisualStudioVersion = 17.10.34707.107
MinimumVisualStudioVersion = 10.0.40219.1
Project("{FAE04EC0-301F-11D3-BF4B-00C04F79EFBC}") = "ejercicio2", "ejercicio2\ejercicio2.csproj", "{A8804D32-DB27-443B-8432-665A3F94200E}"
EndProject
Global
	GlobalSection(SolutionConfigurationPlatforms) = preSolution
		Debug|Any CPU = Debug|Any CPU
		Release|Any CPU = Release|Any CPU
	EndGlobalSection
	GlobalSection(ProjectConfigurationPlatforms) = postSolution
		{A8804D32-DB27-443B-8432-665A3F94200E}.Debug|Any CPU.ActiveCfg = Debug|Any CPU
		{A8804D32-DB27-443B-8432-665A3F94200E}.Debug|Any CPU.Build.0 = Debug|Any CPU
		{A8804D32-DB27-443B-8432-665A3F94200E}.Release|Any CPU.ActiveCfg = Release|Any CPU
		{A8804D32-DB27-443B-8432-665A3F94200E}.Release|Any CPU.Build.0 = Release|Any CPU
	EndGlobalSection
	GlobalSection(SolutionProperties) = preSolution
		HideSolutionNode = FALSE
	EndGlobalSection
	GlobalSection(ExtensibilityGlobals) = postSolution
		SolutionGuid = {2625C732-8BBB-468E-9683-66FA54535168}
	EndGlobalSection
EndGlobal
