
Microsoft Visual Studio Solution File, Format Version 12.00
# Visual Studio Version 17
VisualStudioVersion = 17.10.35027.167
MinimumVisualStudioVersion = 10.0.40219.1
Project("{FAE04EC0-301F-11D3-BF4B-00C04F79EFBC}") = "Ejercicios", "Ejercicios\Ejercicios.csproj", "{79A00D35-7B56-4DBC-A521-8E75A83F00FB}"
EndProject
Global
	GlobalSection(SolutionConfigurationPlatforms) = preSolution
		Debug|Any CPU = Debug|Any CPU
		Release|Any CPU = Release|Any CPU
	EndGlobalSection
	GlobalSection(ProjectConfigurationPlatforms) = postSolution
		{79A00D35-7B56-4DBC-A521-8E75A83F00FB}.Debug|Any CPU.ActiveCfg = Debug|Any CPU
		{79A00D35-7B56-4DBC-A521-8E75A83F00FB}.Debug|Any CPU.Build.0 = Debug|Any CPU
		{79A00D35-7B56-4DBC-A521-8E75A83F00FB}.Release|Any CPU.ActiveCfg = Release|Any CPU
		{79A00D35-7B56-4DBC-A521-8E75A83F00FB}.Release|Any CPU.Build.0 = Release|Any CPU
	EndGlobalSection
	GlobalSection(SolutionProperties) = preSolution
		HideSolutionNode = FALSE
	EndGlobalSection
	GlobalSection(ExtensibilityGlobals) = postSolution
		SolutionGuid = {365AA2C6-B759-40EF-80CD-F2404CA82B17}
	EndGlobalSection
EndGlobal
