
Microsoft Visual Studio Solution File, Format Version 12.00
# Visual Studio Version 17
VisualStudioVersion = 17.10.35027.167
MinimumVisualStudioVersion = 10.0.40219.1
Project("{FAE04EC0-301F-11D3-BF4B-00C04F79EFBC}") = "SistemaPedidosRestaurante", "SistemaPedidosRestaurante\SistemaPedidosRestaurante.csproj", "{F5AFB3E7-5D48-42DB-B7C0-18BF8292377A}"
EndProject
Global
	GlobalSection(SolutionConfigurationPlatforms) = preSolution
		Debug|Any CPU = Debug|Any CPU
		Release|Any CPU = Release|Any CPU
	EndGlobalSection
	GlobalSection(ProjectConfigurationPlatforms) = postSolution
		{F5AFB3E7-5D48-42DB-B7C0-18BF8292377A}.Debug|Any CPU.ActiveCfg = Debug|Any CPU
		{F5AFB3E7-5D48-42DB-B7C0-18BF8292377A}.Debug|Any CPU.Build.0 = Debug|Any CPU
		{F5AFB3E7-5D48-42DB-B7C0-18BF8292377A}.Release|Any CPU.ActiveCfg = Release|Any CPU
		{F5AFB3E7-5D48-42DB-B7C0-18BF8292377A}.Release|Any CPU.Build.0 = Release|Any CPU
	EndGlobalSection
	GlobalSection(SolutionProperties) = preSolution
		HideSolutionNode = FALSE
	EndGlobalSection
	GlobalSection(ExtensibilityGlobals) = postSolution
		SolutionGuid = {4682AAE4-0142-4D6B-AACE-70C268595D90}
	EndGlobalSection
EndGlobal
