
Microsoft Visual Studio Solution File, Format Version 12.00
# Visual Studio Version 17
VisualStudioVersion = 17.10.34928.147
MinimumVisualStudioVersion = 10.0.40219.1
Project("{FAE04EC0-301F-11D3-BF4B-00C04F79EFBC}") = "practica3DSP", "practica3DSP\practica3DSP.csproj", "{92A1D574-F4FB-4A84-8A64-F507360B49AF}"
EndProject
Global
	GlobalSection(SolutionConfigurationPlatforms) = preSolution
		Debug|Any CPU = Debug|Any CPU
		Release|Any CPU = Release|Any CPU
	EndGlobalSection
	GlobalSection(ProjectConfigurationPlatforms) = postSolution
		{92A1D574-F4FB-4A84-8A64-F507360B49AF}.Debug|Any CPU.ActiveCfg = Debug|Any CPU
		{92A1D574-F4FB-4A84-8A64-F507360B49AF}.Debug|Any CPU.Build.0 = Debug|Any CPU
		{92A1D574-F4FB-4A84-8A64-F507360B49AF}.Release|Any CPU.ActiveCfg = Release|Any CPU
		{92A1D574-F4FB-4A84-8A64-F507360B49AF}.Release|Any CPU.Build.0 = Release|Any CPU
	EndGlobalSection
	GlobalSection(SolutionProperties) = preSolution
		HideSolutionNode = FALSE
	EndGlobalSection
	GlobalSection(ExtensibilityGlobals) = postSolution
		SolutionGuid = {5FA9D421-9898-47B3-B366-9E54A64CE4FC}
	EndGlobalSection
EndGlobal
