
Microsoft Visual Studio Solution File, Format Version 12.00
# Visual Studio Version 17
VisualStudioVersion = 17.10.34928.147
MinimumVisualStudioVersion = 10.0.40219.1
Project("{FAE04EC0-301F-11D3-BF4B-00C04F79EFBC}") = "wsAgenda", "wsAgenda\wsAgenda.csproj", "{8C6199C6-5A01-4D68-87BC-E0835E0A668C}"
EndProject
Global
	GlobalSection(SolutionConfigurationPlatforms) = preSolution
		Debug|Any CPU = Debug|Any CPU
		Release|Any CPU = Release|Any CPU
	EndGlobalSection
	GlobalSection(ProjectConfigurationPlatforms) = postSolution
		{8C6199C6-5A01-4D68-87BC-E0835E0A668C}.Debug|Any CPU.ActiveCfg = Debug|Any CPU
		{8C6199C6-5A01-4D68-87BC-E0835E0A668C}.Debug|Any CPU.Build.0 = Debug|Any CPU
		{8C6199C6-5A01-4D68-87BC-E0835E0A668C}.Release|Any CPU.ActiveCfg = Release|Any CPU
		{8C6199C6-5A01-4D68-87BC-E0835E0A668C}.Release|Any CPU.Build.0 = Release|Any CPU
	EndGlobalSection
	GlobalSection(SolutionProperties) = preSolution
		HideSolutionNode = FALSE
	EndGlobalSection
	GlobalSection(ExtensibilityGlobals) = postSolution
		SolutionGuid = {70F09E3B-FA76-4BA6-A196-CBC006416378}
	EndGlobalSection
EndGlobal
