
Microsoft Visual Studio Solution File, Format Version 12.00
# Visual Studio Version 17
VisualStudioVersion = 17.10.34928.147
MinimumVisualStudioVersion = 10.0.40219.1
Project("{FAE04EC0-301F-11D3-BF4B-00C04F79EFBC}") = "Practica1", "Practica1\Practica1.csproj", "{6F369638-EECC-408D-9085-DB4351281F4B}"
EndProject
Global
	GlobalSection(SolutionConfigurationPlatforms) = preSolution
		Debug|Any CPU = Debug|Any CPU
		Release|Any CPU = Release|Any CPU
	EndGlobalSection
	GlobalSection(ProjectConfigurationPlatforms) = postSolution
		{6F369638-EECC-408D-9085-DB4351281F4B}.Debug|Any CPU.ActiveCfg = Debug|Any CPU
		{6F369638-EECC-408D-9085-DB4351281F4B}.Debug|Any CPU.Build.0 = Debug|Any CPU
		{6F369638-EECC-408D-9085-DB4351281F4B}.Release|Any CPU.ActiveCfg = Release|Any CPU
		{6F369638-EECC-408D-9085-DB4351281F4B}.Release|Any CPU.Build.0 = Release|Any CPU
	EndGlobalSection
	GlobalSection(SolutionProperties) = preSolution
		HideSolutionNode = FALSE
	EndGlobalSection
	GlobalSection(ExtensibilityGlobals) = postSolution
		SolutionGuid = {4C26C7DC-6ABB-4BB6-A816-E6444F3FA120}
	EndGlobalSection
EndGlobal
