
Microsoft Visual Studio Solution File, Format Version 12.00
# Visual Studio Version 17
VisualStudioVersion = 17.10.35027.167
MinimumVisualStudioVersion = 10.0.40219.1
Project("{FAE04EC0-301F-11D3-BF4B-00C04F79EFBC}") = "BancoAdajet", "BancoAdajet\BancoAdajet.csproj", "{650499C4-57FD-455B-BC00-A24FAF07A0A0}"
EndProject
Project("{FAE04EC0-301F-11D3-BF4B-00C04F79EFBC}") = "BancoAdajetGUI", "BancoAdajetGUI\BancoAdajetGUI.csproj", "{D3AD2F94-629A-4615-AD0D-42ED6868388C}"
EndProject
Global
	GlobalSection(SolutionConfigurationPlatforms) = preSolution
		Debug|Any CPU = Debug|Any CPU
		Release|Any CPU = Release|Any CPU
	EndGlobalSection
	GlobalSection(ProjectConfigurationPlatforms) = postSolution
		{650499C4-57FD-455B-BC00-A24FAF07A0A0}.Debug|Any CPU.ActiveCfg = Debug|Any CPU
		{650499C4-57FD-455B-BC00-A24FAF07A0A0}.Debug|Any CPU.Build.0 = Debug|Any CPU
		{650499C4-57FD-455B-BC00-A24FAF07A0A0}.Release|Any CPU.ActiveCfg = Release|Any CPU
		{650499C4-57FD-455B-BC00-A24FAF07A0A0}.Release|Any CPU.Build.0 = Release|Any CPU
		{D3AD2F94-629A-4615-AD0D-42ED6868388C}.Debug|Any CPU.ActiveCfg = Debug|Any CPU
		{D3AD2F94-629A-4615-AD0D-42ED6868388C}.Debug|Any CPU.Build.0 = Debug|Any CPU
		{D3AD2F94-629A-4615-AD0D-42ED6868388C}.Release|Any CPU.ActiveCfg = Release|Any CPU
		{D3AD2F94-629A-4615-AD0D-42ED6868388C}.Release|Any CPU.Build.0 = Release|Any CPU
	EndGlobalSection
	GlobalSection(SolutionProperties) = preSolution
		HideSolutionNode = FALSE
	EndGlobalSection
	GlobalSection(ExtensibilityGlobals) = postSolution
		SolutionGuid = {8B78AEA5-DC7C-4283-BF72-8882C6435412}
	EndGlobalSection
EndGlobal
